
Microsoft Visual Studio Solution File, Format Version 12.00
# Visual Studio 14
VisualStudioVersion = 14.0.25420.1
MinimumVisualStudioVersion = 10.0.40219.1
Project("{FAE04EC0-301F-11D3-BF4B-00C04F79EFBC}") = "AppWebApi", "AppWebApi\AppWebApi.csproj", "{9D22AD87-95C3-47E7-96A1-64CABC52ACEB}"
EndProject
Project("{FAE04EC0-301F-11D3-BF4B-00C04F79EFBC}") = "AppService", "AppService\AppService.csproj", "{4CECBFAF-4248-4866-8A62-DF17DFDBFBD2}"
EndProject
Project("{FAE04EC0-301F-11D3-BF4B-00C04F79EFBC}") = "AppData", "AppData\AppData.csproj", "{C99D2511-BA8C-4036-9B43-E9B14092F092}"
EndProject
Global
	GlobalSection(SolutionConfigurationPlatforms) = preSolution
		Debug|Any CPU = Debug|Any CPU
		Release|Any CPU = Release|Any CPU
	EndGlobalSection
	GlobalSection(ProjectConfigurationPlatforms) = postSolution
		{9D22AD87-95C3-47E7-96A1-64CABC52ACEB}.Debug|Any CPU.ActiveCfg = Debug|Any CPU
		{9D22AD87-95C3-47E7-96A1-64CABC52ACEB}.Debug|Any CPU.Build.0 = Debug|Any CPU
		{9D22AD87-95C3-47E7-96A1-64CABC52ACEB}.Release|Any CPU.ActiveCfg = Release|Any CPU
		{9D22AD87-95C3-47E7-96A1-64CABC52ACEB}.Release|Any CPU.Build.0 = Release|Any CPU
		{4CECBFAF-4248-4866-8A62-DF17DFDBFBD2}.Debug|Any CPU.ActiveCfg = Debug|Any CPU
		{4CECBFAF-4248-4866-8A62-DF17DFDBFBD2}.Debug|Any CPU.Build.0 = Debug|Any CPU
		{4CECBFAF-4248-4866-8A62-DF17DFDBFBD2}.Release|Any CPU.ActiveCfg = Release|Any CPU
		{4CECBFAF-4248-4866-8A62-DF17DFDBFBD2}.Release|Any CPU.Build.0 = Release|Any CPU
		{C99D2511-BA8C-4036-9B43-E9B14092F092}.Debug|Any CPU.ActiveCfg = Debug|Any CPU
		{C99D2511-BA8C-4036-9B43-E9B14092F092}.Debug|Any CPU.Build.0 = Debug|Any CPU
		{C99D2511-BA8C-4036-9B43-E9B14092F092}.Release|Any CPU.ActiveCfg = Release|Any CPU
		{C99D2511-BA8C-4036-9B43-E9B14092F092}.Release|Any CPU.Build.0 = Release|Any CPU
	EndGlobalSection
	GlobalSection(SolutionProperties) = preSolution
		HideSolutionNode = FALSE
	EndGlobalSection
EndGlobal
